
Microsoft Visual Studio Solution File, Format Version 11.00
# Visual Studio 2010
# SharpDevelop 4.3
Project("{FAE04EC0-301F-11D3-BF4B-00C04F79EFBC}") = "BelajarCSHARP", "BelajarCSHARP\BelajarCSHARP.csproj", "{4A15BBBC-E743-4DBE-899F-BB3AB74B9A14}"
EndProject
Project("{FAE04EC0-301F-11D3-BF4B-00C04F79EFBC}") = "BelajarCSHARP2", "BelajarCSHARP2\BelajarCSHARP2.csproj", "{793A5B35-DE4C-4C8A-974F-7B10F0A6A533}"
EndProject
Global
	GlobalSection(SolutionConfigurationPlatforms) = preSolution
		Debug|Any CPU = Debug|Any CPU
		Release|Any CPU = Release|Any CPU
	EndGlobalSection
	GlobalSection(ProjectConfigurationPlatforms) = postSolution
		{4A15BBBC-E743-4DBE-899F-BB3AB74B9A14}.Debug|Any CPU.Build.0 = Debug|Any CPU
		{4A15BBBC-E743-4DBE-899F-BB3AB74B9A14}.Debug|Any CPU.ActiveCfg = Debug|Any CPU
		{4A15BBBC-E743-4DBE-899F-BB3AB74B9A14}.Release|Any CPU.Build.0 = Release|Any CPU
		{4A15BBBC-E743-4DBE-899F-BB3AB74B9A14}.Release|Any CPU.ActiveCfg = Release|Any CPU
		{793A5B35-DE4C-4C8A-974F-7B10F0A6A533}.Debug|Any CPU.Build.0 = Debug|Any CPU
		{793A5B35-DE4C-4C8A-974F-7B10F0A6A533}.Debug|Any CPU.ActiveCfg = Debug|Any CPU
		{793A5B35-DE4C-4C8A-974F-7B10F0A6A533}.Release|Any CPU.Build.0 = Release|Any CPU
		{793A5B35-DE4C-4C8A-974F-7B10F0A6A533}.Release|Any CPU.ActiveCfg = Release|Any CPU
	EndGlobalSection
EndGlobal
